
Microsoft Visual Studio Solution File, Format Version 12.00
# Visual Studio 14
VisualStudioVersion = 14.0.25420.1
MinimumVisualStudioVersion = 10.0.40219.1
Project("{FAE04EC0-301F-11D3-BF4B-00C04F79EFBC}") = "Matrix", "Matrix.csproj", "{DCB4418F-4788-48A8-8325-0BA3A7F5EDF8}"
EndProject
Global
	GlobalSection(SolutionConfigurationPlatforms) = preSolution
		Debug|Any CPU = Debug|Any CPU
		Release|Any CPU = Release|Any CPU
	EndGlobalSection
	GlobalSection(ProjectConfigurationPlatforms) = postSolution
		{DCB4418F-4788-48A8-8325-0BA3A7F5EDF8}.Debug|Any CPU.ActiveCfg = Debug|Any CPU
		{DCB4418F-4788-48A8-8325-0BA3A7F5EDF8}.Debug|Any CPU.Build.0 = Debug|Any CPU
		{DCB4418F-4788-48A8-8325-0BA3A7F5EDF8}.Release|Any CPU.ActiveCfg = Release|Any CPU
		{DCB4418F-4788-48A8-8325-0BA3A7F5EDF8}.Release|Any CPU.Build.0 = Release|Any CPU
	EndGlobalSection
	GlobalSection(SolutionProperties) = preSolution
		HideSolutionNode = FALSE
	EndGlobalSection
EndGlobal
